
Microsoft Visual Studio Solution File, Format Version 12.00
# Visual Studio Version 16
VisualStudioVersion = 16.0.31911.196
MinimumVisualStudioVersion = 10.0.40219.1
Project("{FAE04EC0-301F-11D3-BF4B-00C04F79EFBC}") = "ObligatoriskOpgave2", "ObligatoriskOpgave2\ObligatoriskOpgave2.csproj", "{681AD318-D4CC-45AD-9536-5C22C353076F}"
EndProject
Global
	GlobalSection(SolutionConfigurationPlatforms) = preSolution
		Debug|Any CPU = Debug|Any CPU
		Release|Any CPU = Release|Any CPU
	EndGlobalSection
	GlobalSection(ProjectConfigurationPlatforms) = postSolution
		{681AD318-D4CC-45AD-9536-5C22C353076F}.Debug|Any CPU.ActiveCfg = Debug|Any CPU
		{681AD318-D4CC-45AD-9536-5C22C353076F}.Debug|Any CPU.Build.0 = Debug|Any CPU
		{681AD318-D4CC-45AD-9536-5C22C353076F}.Release|Any CPU.ActiveCfg = Release|Any CPU
		{681AD318-D4CC-45AD-9536-5C22C353076F}.Release|Any CPU.Build.0 = Release|Any CPU
	EndGlobalSection
	GlobalSection(SolutionProperties) = preSolution
		HideSolutionNode = FALSE
	EndGlobalSection
	GlobalSection(ExtensibilityGlobals) = postSolution
		SolutionGuid = {47A72487-BF9F-406E-AC95-D46D5A4340BE}
	EndGlobalSection
EndGlobal
